<?xml version="1.0" encoding="utf-8"?>
<Project ToolsVersion="4.0" xmlns="http://schemas.microsoft.com/developer/msbuild/2003">
  <ItemGroup>
    <Filter Include="Source Files">
      <UniqueIdentifier>{4FC737F1-C7A5-4376-A066-2A32D752A2FF}</UniqueIdentifier>
      <Extensions>cpp;c;cc;cxx;def;odl;idl;hpj;bat;asm;asmx</Extensions>
    </Filter>
    <Filter Include="Header Files">
      <UniqueIdentifier>{93995380-89BD-4b04-88EB-625FBE52EBFB}</UniqueIdentifier>
      <Extensions>h;hh;hpp;hxx;hm;inl;inc;xsd</Extensions>
    </Filter>
    <Filter Include="Resource Files">
      <UniqueIdentifier>{67DA6AB6-F800-4c08-8B7A-83BB121AAD01}</UniqueIdentifier>
      <Extensions>rc;ico;cur;bmp;dlg;rc2;rct;bin;rgs;gif;jpg;jpeg;jpe;resx;tiff;tif;png;wav;mfcribbon-ms</Extensions>
    </Filter>
    <Filter Include="Header Files\MIDI">
      <UniqueIdentifier>{16c457c5-82fb-40fa-b168-89a3266102a5}</UniqueIdentifier>
    </Filter>
    <Filter Include="Resource Files\MIDI">
      <UniqueIdentifier>{eee37a8d-ae21-4702-9cba-5bfcd2c767c1}</UniqueIdentifier>
    </Filter>
  </ItemGroup>
  <ItemGroup>
    <ClCompile Include="Source.cpp">
      <Filter>Source Files</Filter>
    </ClCompile>
    <ClCompile Include="..\..\MIDI Playground\MIDI Playground\Binasc.cpp">
      <Filter>Resource Files\MIDI</Filter>
    </ClCompile>
    <ClCompile Include="..\..\MIDI Playground\MIDI Playground\MidiEvent.cpp">
      <Filter>Resource Files\MIDI</Filter>
    </ClCompile>
    <ClCompile Include="..\..\MIDI Playground\MIDI Playground\MidiEventList.cpp">
      <Filter>Resource Files\MIDI</Filter>
    </ClCompile>
    <ClCompile Include="..\..\MIDI Playground\MIDI Playground\MidiFile.cpp">
      <Filter>Resource Files\MIDI</Filter>
    </ClCompile>
    <ClCompile Include="..\..\MIDI Playground\MIDI Playground\MidiMessage.cpp">
      <Filter>Resource Files\MIDI</Filter>
    </ClCompile>
    <ClCompile Include="MarkovChain.cpp">
      <Filter>Resource Files</Filter>
    </ClCompile>
    <ClCompile Include="Notes.cpp">
      <Filter>Resource Files</Filter>
    </ClCompile>
    <ClCompile Include="FileHandling.cpp">
      <Filter>Resource Files</Filter>
    </ClCompile>
    <ClCompile Include="Random.cpp">
      <Filter>Resource Files</Filter>
    </ClCompile>
    <ClCompile Include="Maths.cpp">
      <Filter>Resource Files</Filter>
    </ClCompile>
  </ItemGroup>
  <ItemGroup>
    <ClInclude Include="MarkovChain.h">
      <Filter>Header Files</Filter>
    </ClInclude>
    <ClInclude Include="..\..\MIDI Playground\MIDI Playground\MidiEvent.h">
      <Filter>Header Files\MIDI</Filter>
    </ClInclude>
    <ClInclude Include="..\..\MIDI Playground\MIDI Playground\MidiEventList.h">
      <Filter>Header Files\MIDI</Filter>
    </ClInclude>
    <ClInclude Include="..\..\MIDI Playground\MIDI Playground\MidiFile.h">
      <Filter>Header Files\MIDI</Filter>
    </ClInclude>
    <ClInclude Include="..\..\MIDI Playground\MIDI Playground\MidiMessage.h">
      <Filter>Header Files\MIDI</Filter>
    </ClInclude>
    <ClInclude Include="..\..\MIDI Playground\MIDI Playground\Binasc.h">
      <Filter>Header Files\MIDI</Filter>
    </ClInclude>
    <ClInclude Include="FileHandling.h">
      <Filter>Header Files</Filter>
    </ClInclude>
    <ClInclude Include="Notes.h">
      <Filter>Header Files</Filter>
    </ClInclude>
    <ClInclude Include="Random.h">
      <Filter>Header Files</Filter>
    </ClInclude>
  </ItemGroup>
</Project>